
Microsoft Visual Studio Solution File, Format Version 12.00
# Visual Studio 15
Project("{FAE04EC0-301F-11D3-BF4B-00C04F79EFBC}") = "Assembly-CSharp", "Assembly-CSharp.csproj", "{154FB0AD-D4A3-50E6-AAA5-D58307710C5A}"
EndProject
Project("{FAE04EC0-301F-11D3-BF4B-00C04F79EFBC}") = "Assembly-CSharp-firstpass", "Assembly-CSharp-firstpass.csproj", "{F82F3293-D24A-975F-677D-89BC8BA9E546}"
EndProject
Project("{FAE04EC0-301F-11D3-BF4B-00C04F79EFBC}") = "Assembly-CSharp-Editor-firstpass", "Assembly-CSharp-Editor-firstpass.csproj", "{B93735EE-99C1-BF7F-37AA-426C101F230D}"
EndProject
Global
	GlobalSection(SolutionConfigurationPlatforms) = preSolution
		Debug|Any CPU = Debug|Any CPU
		Release|Any CPU = Release|Any CPU
	EndGlobalSection
	GlobalSection(ProjectConfigurationPlatforms) = postSolution
		{154FB0AD-D4A3-50E6-AAA5-D58307710C5A}.Debug|Any CPU.ActiveCfg = Debug|Any CPU
		{154FB0AD-D4A3-50E6-AAA5-D58307710C5A}.Debug|Any CPU.Build.0 = Debug|Any CPU
		{154FB0AD-D4A3-50E6-AAA5-D58307710C5A}.Release|Any CPU.ActiveCfg = Release|Any CPU
		{154FB0AD-D4A3-50E6-AAA5-D58307710C5A}.Release|Any CPU.Build.0 = Release|Any CPU
		{F82F3293-D24A-975F-677D-89BC8BA9E546}.Debug|Any CPU.ActiveCfg = Debug|Any CPU
		{F82F3293-D24A-975F-677D-89BC8BA9E546}.Debug|Any CPU.Build.0 = Debug|Any CPU
		{F82F3293-D24A-975F-677D-89BC8BA9E546}.Release|Any CPU.ActiveCfg = Release|Any CPU
		{F82F3293-D24A-975F-677D-89BC8BA9E546}.Release|Any CPU.Build.0 = Release|Any CPU
		{B93735EE-99C1-BF7F-37AA-426C101F230D}.Debug|Any CPU.ActiveCfg = Debug|Any CPU
		{B93735EE-99C1-BF7F-37AA-426C101F230D}.Debug|Any CPU.Build.0 = Debug|Any CPU
		{B93735EE-99C1-BF7F-37AA-426C101F230D}.Release|Any CPU.ActiveCfg = Release|Any CPU
		{B93735EE-99C1-BF7F-37AA-426C101F230D}.Release|Any CPU.Build.0 = Release|Any CPU
	EndGlobalSection
	GlobalSection(SolutionProperties) = preSolution
		HideSolutionNode = FALSE
	EndGlobalSection
EndGlobal
